
Microsoft Visual Studio Solution File, Format Version 12.00
# Visual Studio Version 17
VisualStudioVersion = 17.10.35122.118
MinimumVisualStudioVersion = 10.0.40219.1
Project("{9A19103F-16F7-4668-BE54-9A1E7A4F7556}") = "BUILDPROJECTSHERRY", "BUILDPROJECTSHERRY\BUILDPROJECTSHERRY.csproj", "{83238FEC-C3C5-4E73-9B40-D7B53197161B}"
EndProject
Global
	GlobalSection(SolutionConfigurationPlatforms) = preSolution
		Debug|Any CPU = Debug|Any CPU
		Release|Any CPU = Release|Any CPU
	EndGlobalSection
	GlobalSection(ProjectConfigurationPlatforms) = postSolution
		{83238FEC-C3C5-4E73-9B40-D7B53197161B}.Debug|Any CPU.ActiveCfg = Debug|Any CPU
		{83238FEC-C3C5-4E73-9B40-D7B53197161B}.Debug|Any CPU.Build.0 = Debug|Any CPU
		{83238FEC-C3C5-4E73-9B40-D7B53197161B}.Release|Any CPU.ActiveCfg = Release|Any CPU
		{83238FEC-C3C5-4E73-9B40-D7B53197161B}.Release|Any CPU.Build.0 = Release|Any CPU
	EndGlobalSection
	GlobalSection(SolutionProperties) = preSolution
		HideSolutionNode = FALSE
	EndGlobalSection
	GlobalSection(ExtensibilityGlobals) = postSolution
		SolutionGuid = {E1D05F61-58F2-41AA-AA22-8BCA3EAAA720}
	EndGlobalSection
EndGlobal
